
Microsoft Visual Studio Solution File, Format Version 12.00
# Visual Studio Version 17
VisualStudioVersion = 17.3.32929.385
MinimumVisualStudioVersion = 10.0.40219.1
Project("{FAE04EC0-301F-11D3-BF4B-00C04F79EFBC}") = "THA_W4_ANGEL_L", "THA_W4_ANGEL_L\THA_W4_ANGEL_L.csproj", "{EB9EB0BD-803B-4B1B-A2C5-757C9C94E712}"
EndProject
Global
	GlobalSection(SolutionConfigurationPlatforms) = preSolution
		Debug|Any CPU = Debug|Any CPU
		Release|Any CPU = Release|Any CPU
	EndGlobalSection
	GlobalSection(ProjectConfigurationPlatforms) = postSolution
		{EB9EB0BD-803B-4B1B-A2C5-757C9C94E712}.Debug|Any CPU.ActiveCfg = Debug|Any CPU
		{EB9EB0BD-803B-4B1B-A2C5-757C9C94E712}.Debug|Any CPU.Build.0 = Debug|Any CPU
		{EB9EB0BD-803B-4B1B-A2C5-757C9C94E712}.Release|Any CPU.ActiveCfg = Release|Any CPU
		{EB9EB0BD-803B-4B1B-A2C5-757C9C94E712}.Release|Any CPU.Build.0 = Release|Any CPU
	EndGlobalSection
	GlobalSection(SolutionProperties) = preSolution
		HideSolutionNode = FALSE
	EndGlobalSection
	GlobalSection(ExtensibilityGlobals) = postSolution
		SolutionGuid = {6B689FD2-9DD7-4B50-A025-4DD109CAC702}
	EndGlobalSection
EndGlobal
