
Microsoft Visual Studio Solution File, Format Version 12.00
# Visual Studio Version 17
VisualStudioVersion = 17.3.32929.385
MinimumVisualStudioVersion = 10.0.40219.1
Project("{FAE04EC0-301F-11D3-BF4B-00C04F79EFBC}") = "CA_W13_ANGEL_L", "CA_W13_ANGEL_L\CA_W13_ANGEL_L.csproj", "{B9628789-3071-455D-989D-2E5ECC94737F}"
EndProject
Global
	GlobalSection(SolutionConfigurationPlatforms) = preSolution
		Debug|Any CPU = Debug|Any CPU
		Release|Any CPU = Release|Any CPU
	EndGlobalSection
	GlobalSection(ProjectConfigurationPlatforms) = postSolution
		{B9628789-3071-455D-989D-2E5ECC94737F}.Debug|Any CPU.ActiveCfg = Debug|Any CPU
		{B9628789-3071-455D-989D-2E5ECC94737F}.Debug|Any CPU.Build.0 = Debug|Any CPU
		{B9628789-3071-455D-989D-2E5ECC94737F}.Release|Any CPU.ActiveCfg = Release|Any CPU
		{B9628789-3071-455D-989D-2E5ECC94737F}.Release|Any CPU.Build.0 = Release|Any CPU
	EndGlobalSection
	GlobalSection(SolutionProperties) = preSolution
		HideSolutionNode = FALSE
	EndGlobalSection
	GlobalSection(ExtensibilityGlobals) = postSolution
		SolutionGuid = {30CC5B4D-B27C-48F0-AF4A-36A9BFA3BA45}
	EndGlobalSection
EndGlobal
