
Microsoft Visual Studio Solution File, Format Version 12.00
# Visual Studio Version 17
VisualStudioVersion = 17.3.32929.385
MinimumVisualStudioVersion = 10.0.40219.1
Project("{FAE04EC0-301F-11D3-BF4B-00C04F79EFBC}") = "THA_W6_ANGEL_L", "THA_W6_ANGEL_L\THA_W6_ANGEL_L.csproj", "{075B6140-93B0-406E-AC0A-B1E9E6D9836A}"
EndProject
Global
	GlobalSection(SolutionConfigurationPlatforms) = preSolution
		Debug|Any CPU = Debug|Any CPU
		Release|Any CPU = Release|Any CPU
	EndGlobalSection
	GlobalSection(ProjectConfigurationPlatforms) = postSolution
		{075B6140-93B0-406E-AC0A-B1E9E6D9836A}.Debug|Any CPU.ActiveCfg = Debug|Any CPU
		{075B6140-93B0-406E-AC0A-B1E9E6D9836A}.Debug|Any CPU.Build.0 = Debug|Any CPU
		{075B6140-93B0-406E-AC0A-B1E9E6D9836A}.Release|Any CPU.ActiveCfg = Release|Any CPU
		{075B6140-93B0-406E-AC0A-B1E9E6D9836A}.Release|Any CPU.Build.0 = Release|Any CPU
	EndGlobalSection
	GlobalSection(SolutionProperties) = preSolution
		HideSolutionNode = FALSE
	EndGlobalSection
	GlobalSection(ExtensibilityGlobals) = postSolution
		SolutionGuid = {EFDAC642-8993-4A10-9E50-145FCF048080}
	EndGlobalSection
EndGlobal
